# THIS IS AN AUTOGENERATED FILE. DO NOT EDIT THIS FILE DIRECTLY.
# yarn lockfile v1


eslint-config-metrological@Metrological/eslint-config-metrological#1.4.14:
  version "1.4.14"
  resolved "https://codeload.github.com/Metrological/eslint-config-metrological/tar.gz/f2dbb720eb957ef45349da718db9c4cb5e1a1015"
